
Microsoft Visual Studio Solution File, Format Version 12.00
# Visual Studio 15
VisualStudioVersion = 15.0.28307.852
MinimumVisualStudioVersion = 10.0.40219.1
Project("{9A19103F-16F7-4668-BE54-9A1E7A4F7556}") = "MathTestGenerator", "MathTestGenerator\MathTestGenerator.csproj", "{9DCF086F-F69C-4D52-AAD7-DDB6B955EA76}"
EndProject
Project("{9A19103F-16F7-4668-BE54-9A1E7A4F7556}") = "MathSkillUnitTest", "MathSkillUnitTest\MathSkillUnitTest.csproj", "{FA616020-36B3-421F-975B-3C3DC3BEB0BD}"
EndProject
Project("{FAE04EC0-301F-11D3-BF4B-00C04F79EFBC}") = "MathProblemApi", "MathProblemApi\MathProblemApi.csproj", "{34CA0ED8-F84E-419C-BE1C-8FF75AD6B376}"
EndProject
Project("{FAE04EC0-301F-11D3-BF4B-00C04F79EFBC}") = "RequestTracker", "RequestTracker\RequestTracker.csproj", "{3E282B66-160A-4252-BE20-86E93D7D863E}"
EndProject
Global
	GlobalSection(SolutionConfigurationPlatforms) = preSolution
		Debug|Any CPU = Debug|Any CPU
		Release|Any CPU = Release|Any CPU
	EndGlobalSection
	GlobalSection(ProjectConfigurationPlatforms) = postSolution
		{9DCF086F-F69C-4D52-AAD7-DDB6B955EA76}.Debug|Any CPU.ActiveCfg = Debug|Any CPU
		{9DCF086F-F69C-4D52-AAD7-DDB6B955EA76}.Debug|Any CPU.Build.0 = Debug|Any CPU
		{9DCF086F-F69C-4D52-AAD7-DDB6B955EA76}.Release|Any CPU.ActiveCfg = Release|Any CPU
		{9DCF086F-F69C-4D52-AAD7-DDB6B955EA76}.Release|Any CPU.Build.0 = Release|Any CPU
		{FA616020-36B3-421F-975B-3C3DC3BEB0BD}.Debug|Any CPU.ActiveCfg = Debug|Any CPU
		{FA616020-36B3-421F-975B-3C3DC3BEB0BD}.Debug|Any CPU.Build.0 = Debug|Any CPU
		{FA616020-36B3-421F-975B-3C3DC3BEB0BD}.Release|Any CPU.ActiveCfg = Release|Any CPU
		{FA616020-36B3-421F-975B-3C3DC3BEB0BD}.Release|Any CPU.Build.0 = Release|Any CPU
		{34CA0ED8-F84E-419C-BE1C-8FF75AD6B376}.Debug|Any CPU.ActiveCfg = Debug|Any CPU
		{34CA0ED8-F84E-419C-BE1C-8FF75AD6B376}.Debug|Any CPU.Build.0 = Debug|Any CPU
		{34CA0ED8-F84E-419C-BE1C-8FF75AD6B376}.Release|Any CPU.ActiveCfg = Release|Any CPU
		{34CA0ED8-F84E-419C-BE1C-8FF75AD6B376}.Release|Any CPU.Build.0 = Release|Any CPU
		{3E282B66-160A-4252-BE20-86E93D7D863E}.Debug|Any CPU.ActiveCfg = Debug|Any CPU
		{3E282B66-160A-4252-BE20-86E93D7D863E}.Debug|Any CPU.Build.0 = Debug|Any CPU
		{3E282B66-160A-4252-BE20-86E93D7D863E}.Release|Any CPU.ActiveCfg = Release|Any CPU
		{3E282B66-160A-4252-BE20-86E93D7D863E}.Release|Any CPU.Build.0 = Release|Any CPU
	EndGlobalSection
	GlobalSection(SolutionProperties) = preSolution
		HideSolutionNode = FALSE
	EndGlobalSection
	GlobalSection(ExtensibilityGlobals) = postSolution
		SolutionGuid = {72C2588D-5B15-48D3-A431-03F065A09A44}
	EndGlobalSection
EndGlobal
